
Microsoft Visual Studio Solution File, Format Version 12.00
# Visual Studio 15
VisualStudioVersion = 15.0.27130.2027
MinimumVisualStudioVersion = 10.0.40219.1
Project("{9A19103F-16F7-4668-BE54-9A1E7A4F7556}") = "RabbitMQSample.Product", "RabbitMQSample.Product\RabbitMQSample.Product.csproj", "{066F09F3-9F65-4703-9BDE-63FA4BD0C76F}"
EndProject
Project("{9A19103F-16F7-4668-BE54-9A1E7A4F7556}") = "RabbitMQSample.Stock", "RabbitMQSample.Stock\RabbitMQSample.Stock.csproj", "{E49D7DA1-1FC4-403E-BA34-12789FD09020}"
EndProject
Project("{9A19103F-16F7-4668-BE54-9A1E7A4F7556}") = "RabbitMQSample.EventBus", "RabbitMQSample.EventBus\RabbitMQSample.EventBus.csproj", "{F69F8B7E-E7E8-42BD-9557-9AD78D90E355}"
EndProject
Project("{9A19103F-16F7-4668-BE54-9A1E7A4F7556}") = "RabbitMQSample.EventBus.RabbitMQ", "RabbitMQSample.EventBus.RabbitMQ\RabbitMQSample.EventBus.RabbitMQ.csproj", "{6317BB0D-8FC6-49A6-A95F-8519CDF05EC7}"
EndProject
Project("{FAE04EC0-301F-11D3-BF4B-00C04F79EFBC}") = "RabbitMQSample.IntegrationEvents", "RabbitMQSample.IntegrationEvents\RabbitMQSample.IntegrationEvents.csproj", "{13BA34DF-F2B5-495D-AE96-00B1591AA041}"
EndProject
Global
	GlobalSection(SolutionConfigurationPlatforms) = preSolution
		Debug|Any CPU = Debug|Any CPU
		Release|Any CPU = Release|Any CPU
	EndGlobalSection
	GlobalSection(ProjectConfigurationPlatforms) = postSolution
		{066F09F3-9F65-4703-9BDE-63FA4BD0C76F}.Debug|Any CPU.ActiveCfg = Debug|Any CPU
		{066F09F3-9F65-4703-9BDE-63FA4BD0C76F}.Debug|Any CPU.Build.0 = Debug|Any CPU
		{066F09F3-9F65-4703-9BDE-63FA4BD0C76F}.Release|Any CPU.ActiveCfg = Release|Any CPU
		{066F09F3-9F65-4703-9BDE-63FA4BD0C76F}.Release|Any CPU.Build.0 = Release|Any CPU
		{E49D7DA1-1FC4-403E-BA34-12789FD09020}.Debug|Any CPU.ActiveCfg = Debug|Any CPU
		{E49D7DA1-1FC4-403E-BA34-12789FD09020}.Debug|Any CPU.Build.0 = Debug|Any CPU
		{E49D7DA1-1FC4-403E-BA34-12789FD09020}.Release|Any CPU.ActiveCfg = Release|Any CPU
		{E49D7DA1-1FC4-403E-BA34-12789FD09020}.Release|Any CPU.Build.0 = Release|Any CPU
		{F69F8B7E-E7E8-42BD-9557-9AD78D90E355}.Debug|Any CPU.ActiveCfg = Debug|Any CPU
		{F69F8B7E-E7E8-42BD-9557-9AD78D90E355}.Debug|Any CPU.Build.0 = Debug|Any CPU
		{F69F8B7E-E7E8-42BD-9557-9AD78D90E355}.Release|Any CPU.ActiveCfg = Release|Any CPU
		{F69F8B7E-E7E8-42BD-9557-9AD78D90E355}.Release|Any CPU.Build.0 = Release|Any CPU
		{6317BB0D-8FC6-49A6-A95F-8519CDF05EC7}.Debug|Any CPU.ActiveCfg = Debug|Any CPU
		{6317BB0D-8FC6-49A6-A95F-8519CDF05EC7}.Debug|Any CPU.Build.0 = Debug|Any CPU
		{6317BB0D-8FC6-49A6-A95F-8519CDF05EC7}.Release|Any CPU.ActiveCfg = Release|Any CPU
		{6317BB0D-8FC6-49A6-A95F-8519CDF05EC7}.Release|Any CPU.Build.0 = Release|Any CPU
		{13BA34DF-F2B5-495D-AE96-00B1591AA041}.Debug|Any CPU.ActiveCfg = Debug|Any CPU
		{13BA34DF-F2B5-495D-AE96-00B1591AA041}.Debug|Any CPU.Build.0 = Debug|Any CPU
		{13BA34DF-F2B5-495D-AE96-00B1591AA041}.Release|Any CPU.ActiveCfg = Release|Any CPU
		{13BA34DF-F2B5-495D-AE96-00B1591AA041}.Release|Any CPU.Build.0 = Release|Any CPU
	EndGlobalSection
	GlobalSection(SolutionProperties) = preSolution
		HideSolutionNode = FALSE
	EndGlobalSection
	GlobalSection(ExtensibilityGlobals) = postSolution
		SolutionGuid = {B866A913-4847-4152-8CA5-9681A817401D}
	EndGlobalSection
EndGlobal
